{
  "name": "Explore",
  "lockfileVersion": 3,
  "requires": true,
  "packages": {
    "": {
      "dependencies": {
        "@everapi/emailvalidation-js": "^1.0.6"
      }
    },
    "node_modules/@everapi/emailvalidation-js": {
      "version": "1.0.6",
      "resolved": "https://registry.npmjs.org/@everapi/emailvalidation-js/-/emailvalidation-js-1.0.6.tgz",
      "integrity": "sha512-c7gZJxJfkgStcvgCj6KJ8zk9KQli1wwhlpZrtCyBGQc4Y6/G4vAys6b+kpIKRLK3p6ENlpPURAdFIh6YUdNeTA=="
    }
  }
}
